
Microsoft Visual Studio Solution File, Format Version 12.00
# Visual Studio Version 17
VisualStudioVersion = 17.7.34202.233
MinimumVisualStudioVersion = 10.0.40219.1
Project("{FAE04EC0-301F-11D3-BF4B-00C04F79EFBC}") = "Query", "Query\Query.csproj", "{2F53F383-ED34-45A7-8B50-7D25C0D6C985}"
EndProject
Global
	GlobalSection(SolutionConfigurationPlatforms) = preSolution
		Debug|Any CPU = Debug|Any CPU
		Release|Any CPU = Release|Any CPU
	EndGlobalSection
	GlobalSection(ProjectConfigurationPlatforms) = postSolution
		{2F53F383-ED34-45A7-8B50-7D25C0D6C985}.Debug|Any CPU.ActiveCfg = Debug|Any CPU
		{2F53F383-ED34-45A7-8B50-7D25C0D6C985}.Debug|Any CPU.Build.0 = Debug|Any CPU
		{2F53F383-ED34-45A7-8B50-7D25C0D6C985}.Release|Any CPU.ActiveCfg = Release|Any CPU
		{2F53F383-ED34-45A7-8B50-7D25C0D6C985}.Release|Any CPU.Build.0 = Release|Any CPU
	EndGlobalSection
	GlobalSection(SolutionProperties) = preSolution
		HideSolutionNode = FALSE
	EndGlobalSection
	GlobalSection(ExtensibilityGlobals) = postSolution
		SolutionGuid = {09B16386-19FC-4254-8CB7-07D592FD21D1}
	EndGlobalSection
EndGlobal
